
Microsoft Visual Studio Solution File, Format Version 12.00
# Visual Studio Version 17
VisualStudioVersion = 17.6.33723.286
MinimumVisualStudioVersion = 10.0.40219.1
Project("{2150E333-8FDC-42A3-9474-1A3956D46DE8}") = "Services", "Services", "{2D8A6D14-B5F1-47B9-888B-DF9BB36A2279}"
EndProject
Project("{2150E333-8FDC-42A3-9474-1A3956D46DE8}") = "Catalog", "Catalog", "{386A3B01-8920-4266-9577-BEFA64F34668}"
EndProject
Project("{9A19103F-16F7-4668-BE54-9A1E7A4F7556}") = "FreeCourse.Services.Catalog", "Services\Catalog\FreeCourse.Services.Catalog\FreeCourse.Services.Catalog.csproj", "{5DDAF7DE-C85B-4636-A823-743594C7CF40}"
EndProject
Project("{2150E333-8FDC-42A3-9474-1A3956D46DE8}") = "Solution Items", "Solution Items", "{7C0A81AA-BC7D-4233-B794-276F1AD0B716}"
EndProject
Project("{2150E333-8FDC-42A3-9474-1A3956D46DE8}") = "Shared", "Shared", "{5A77932A-AE87-46E3-9A75-86BFFF3EA6B3}"
EndProject
Project("{9A19103F-16F7-4668-BE54-9A1E7A4F7556}") = "FreeCourse.Shared", "Shared\FreeCourse.Shared\FreeCourse.Shared.csproj", "{09272409-4CE1-4276-BAC6-F20C0BF479AB}"
EndProject
Project("{2150E333-8FDC-42A3-9474-1A3956D46DE8}") = "IdentityServer", "IdentityServer", "{2FB66273-8561-47FE-9670-A0BDBC176B0A}"
EndProject
Project("{9A19103F-16F7-4668-BE54-9A1E7A4F7556}") = "FreeCourse.IdentityServer", "IdentityServer\FreeCourse.IdentityServer\FreeCourse.IdentityServer.csproj", "{EA7FB35E-BAB3-4F21-AD9B-314375D01E15}"
EndProject
Project("{2150E333-8FDC-42A3-9474-1A3956D46DE8}") = "PhotoStock", "PhotoStock", "{A5D6DE91-A84B-485A-95C4-9B12F3353806}"
EndProject
Project("{9A19103F-16F7-4668-BE54-9A1E7A4F7556}") = "FreeCourse.Services.PhotoStock", "Services\PhotoStock\FreeCourse.Services.PhotoStock\FreeCourse.Services.PhotoStock.csproj", "{0CC063A0-3032-4857-A646-CD4902E8EA53}"
EndProject
Project("{2150E333-8FDC-42A3-9474-1A3956D46DE8}") = "Basket", "Basket", "{E137F23E-99AB-4551-A729-CB0EB56C4384}"
EndProject
Project("{9A19103F-16F7-4668-BE54-9A1E7A4F7556}") = "FreeCourse.Services.Basket", "Services\Basket\FreeCourse.Services.Basket\FreeCourse.Services.Basket.csproj", "{5F6A0C78-24D3-4964-BB71-11C4A0174A05}"
EndProject
Project("{2150E333-8FDC-42A3-9474-1A3956D46DE8}") = "Discount", "Discount", "{273D0DBF-6894-4065-B1C1-ED8CE1A413DF}"
EndProject
Project("{9A19103F-16F7-4668-BE54-9A1E7A4F7556}") = "FreeCourse.Services.Discounts", "Services\Discount\FreeCourse.Services.Discounts\FreeCourse.Services.Discounts.csproj", "{010B39AC-C4C9-45B6-A3DC-DAA237644753}"
EndProject
Project("{2150E333-8FDC-42A3-9474-1A3956D46DE8}") = "Order", "Order", "{C068692A-BAA2-46D1-9883-A04D929B5CF5}"
EndProject
Project("{9A19103F-16F7-4668-BE54-9A1E7A4F7556}") = "FreeCourse.Services.Order.API", "Services\Order\FreeCourse.Services.Order.API\FreeCourse.Services.Order.API.csproj", "{E272D8F4-07B3-4BF6-834E-48C4F80E1C59}"
EndProject
Project("{9A19103F-16F7-4668-BE54-9A1E7A4F7556}") = "FreeCourse.Services.Order.Application", "Services\Order\FreeCoourse.Services.Order.Application\FreeCourse.Services.Order.Application.csproj", "{3789FE6D-04C5-4EAE-8588-306ED39843AD}"
EndProject
Project("{9A19103F-16F7-4668-BE54-9A1E7A4F7556}") = "FreeCourse.Services.Order.Domain", "Services\Order\FreeCourse.Services.Order.Domain\FreeCourse.Services.Order.Domain.csproj", "{A698C472-8281-406C-8402-C4873280862C}"
EndProject
Project("{9A19103F-16F7-4668-BE54-9A1E7A4F7556}") = "FreeCourse.Services.Order.Domain.Core", "Services\Order\FreeCourse.Services.Order.Domain.Core\FreeCourse.Services.Order.Domain.Core.csproj", "{586EC367-C527-4A97-9026-873BE339449D}"
EndProject
Project("{9A19103F-16F7-4668-BE54-9A1E7A4F7556}") = "FreeCourse.Services.Order.Infrastructure", "Services\Order\FreeCourse.Services.Order.Infrastructure\FreeCourse.Services.Order.Infrastructure.csproj", "{AE2617C2-B38D-45DC-9793-C85C4C28FB3C}"
EndProject
Project("{2150E333-8FDC-42A3-9474-1A3956D46DE8}") = "FakePayment", "FakePayment", "{898DD028-C750-4037-AC6C-B83619F4FAB8}"
EndProject
Project("{FAE04EC0-301F-11D3-BF4B-00C04F79EFBC}") = "FreeCourse.Services.FakePayment", "Services\FakePayment\FreeCourse.Services.FakePayment\FreeCourse.Services.FakePayment.csproj", "{A09CD5C9-7FC7-4872-880B-2878DEF21EBC}"
EndProject
Project("{2150E333-8FDC-42A3-9474-1A3956D46DE8}") = "Gateways", "Gateways", "{A2D1E61A-4DFE-4A9B-85E6-5C151131B117}"
EndProject
Project("{FAE04EC0-301F-11D3-BF4B-00C04F79EFBC}") = "FreeCourse.Gateway", "FreeCourse.Gateway\FreeCourse.Gateway.csproj", "{93795F69-8B69-41A9-9C1C-0AB2B59600A8}"
EndProject
Global
	GlobalSection(SolutionConfigurationPlatforms) = preSolution
		Debug|Any CPU = Debug|Any CPU
		Release|Any CPU = Release|Any CPU
	EndGlobalSection
	GlobalSection(ProjectConfigurationPlatforms) = postSolution
		{5DDAF7DE-C85B-4636-A823-743594C7CF40}.Debug|Any CPU.ActiveCfg = Debug|Any CPU
		{5DDAF7DE-C85B-4636-A823-743594C7CF40}.Debug|Any CPU.Build.0 = Debug|Any CPU
		{5DDAF7DE-C85B-4636-A823-743594C7CF40}.Release|Any CPU.ActiveCfg = Release|Any CPU
		{5DDAF7DE-C85B-4636-A823-743594C7CF40}.Release|Any CPU.Build.0 = Release|Any CPU
		{09272409-4CE1-4276-BAC6-F20C0BF479AB}.Debug|Any CPU.ActiveCfg = Debug|Any CPU
		{09272409-4CE1-4276-BAC6-F20C0BF479AB}.Debug|Any CPU.Build.0 = Debug|Any CPU
		{09272409-4CE1-4276-BAC6-F20C0BF479AB}.Release|Any CPU.ActiveCfg = Release|Any CPU
		{09272409-4CE1-4276-BAC6-F20C0BF479AB}.Release|Any CPU.Build.0 = Release|Any CPU
		{EA7FB35E-BAB3-4F21-AD9B-314375D01E15}.Debug|Any CPU.ActiveCfg = Debug|Any CPU
		{EA7FB35E-BAB3-4F21-AD9B-314375D01E15}.Debug|Any CPU.Build.0 = Debug|Any CPU
		{EA7FB35E-BAB3-4F21-AD9B-314375D01E15}.Release|Any CPU.ActiveCfg = Release|Any CPU
		{EA7FB35E-BAB3-4F21-AD9B-314375D01E15}.Release|Any CPU.Build.0 = Release|Any CPU
		{0CC063A0-3032-4857-A646-CD4902E8EA53}.Debug|Any CPU.ActiveCfg = Debug|Any CPU
		{0CC063A0-3032-4857-A646-CD4902E8EA53}.Debug|Any CPU.Build.0 = Debug|Any CPU
		{0CC063A0-3032-4857-A646-CD4902E8EA53}.Release|Any CPU.ActiveCfg = Release|Any CPU
		{0CC063A0-3032-4857-A646-CD4902E8EA53}.Release|Any CPU.Build.0 = Release|Any CPU
		{5F6A0C78-24D3-4964-BB71-11C4A0174A05}.Debug|Any CPU.ActiveCfg = Debug|Any CPU
		{5F6A0C78-24D3-4964-BB71-11C4A0174A05}.Debug|Any CPU.Build.0 = Debug|Any CPU
		{5F6A0C78-24D3-4964-BB71-11C4A0174A05}.Release|Any CPU.ActiveCfg = Release|Any CPU
		{5F6A0C78-24D3-4964-BB71-11C4A0174A05}.Release|Any CPU.Build.0 = Release|Any CPU
		{010B39AC-C4C9-45B6-A3DC-DAA237644753}.Debug|Any CPU.ActiveCfg = Debug|Any CPU
		{010B39AC-C4C9-45B6-A3DC-DAA237644753}.Debug|Any CPU.Build.0 = Debug|Any CPU
		{010B39AC-C4C9-45B6-A3DC-DAA237644753}.Release|Any CPU.ActiveCfg = Release|Any CPU
		{010B39AC-C4C9-45B6-A3DC-DAA237644753}.Release|Any CPU.Build.0 = Release|Any CPU
		{E272D8F4-07B3-4BF6-834E-48C4F80E1C59}.Debug|Any CPU.ActiveCfg = Debug|Any CPU
		{E272D8F4-07B3-4BF6-834E-48C4F80E1C59}.Debug|Any CPU.Build.0 = Debug|Any CPU
		{E272D8F4-07B3-4BF6-834E-48C4F80E1C59}.Release|Any CPU.ActiveCfg = Release|Any CPU
		{E272D8F4-07B3-4BF6-834E-48C4F80E1C59}.Release|Any CPU.Build.0 = Release|Any CPU
		{3789FE6D-04C5-4EAE-8588-306ED39843AD}.Debug|Any CPU.ActiveCfg = Debug|Any CPU
		{3789FE6D-04C5-4EAE-8588-306ED39843AD}.Debug|Any CPU.Build.0 = Debug|Any CPU
		{3789FE6D-04C5-4EAE-8588-306ED39843AD}.Release|Any CPU.ActiveCfg = Release|Any CPU
		{3789FE6D-04C5-4EAE-8588-306ED39843AD}.Release|Any CPU.Build.0 = Release|Any CPU
		{A698C472-8281-406C-8402-C4873280862C}.Debug|Any CPU.ActiveCfg = Debug|Any CPU
		{A698C472-8281-406C-8402-C4873280862C}.Debug|Any CPU.Build.0 = Debug|Any CPU
		{A698C472-8281-406C-8402-C4873280862C}.Release|Any CPU.ActiveCfg = Release|Any CPU
		{A698C472-8281-406C-8402-C4873280862C}.Release|Any CPU.Build.0 = Release|Any CPU
		{586EC367-C527-4A97-9026-873BE339449D}.Debug|Any CPU.ActiveCfg = Debug|Any CPU
		{586EC367-C527-4A97-9026-873BE339449D}.Debug|Any CPU.Build.0 = Debug|Any CPU
		{586EC367-C527-4A97-9026-873BE339449D}.Release|Any CPU.ActiveCfg = Release|Any CPU
		{586EC367-C527-4A97-9026-873BE339449D}.Release|Any CPU.Build.0 = Release|Any CPU
		{AE2617C2-B38D-45DC-9793-C85C4C28FB3C}.Debug|Any CPU.ActiveCfg = Debug|Any CPU
		{AE2617C2-B38D-45DC-9793-C85C4C28FB3C}.Debug|Any CPU.Build.0 = Debug|Any CPU
		{AE2617C2-B38D-45DC-9793-C85C4C28FB3C}.Release|Any CPU.ActiveCfg = Release|Any CPU
		{AE2617C2-B38D-45DC-9793-C85C4C28FB3C}.Release|Any CPU.Build.0 = Release|Any CPU
		{A09CD5C9-7FC7-4872-880B-2878DEF21EBC}.Debug|Any CPU.ActiveCfg = Debug|Any CPU
		{A09CD5C9-7FC7-4872-880B-2878DEF21EBC}.Debug|Any CPU.Build.0 = Debug|Any CPU
		{A09CD5C9-7FC7-4872-880B-2878DEF21EBC}.Release|Any CPU.ActiveCfg = Release|Any CPU
		{A09CD5C9-7FC7-4872-880B-2878DEF21EBC}.Release|Any CPU.Build.0 = Release|Any CPU
		{93795F69-8B69-41A9-9C1C-0AB2B59600A8}.Debug|Any CPU.ActiveCfg = Debug|Any CPU
		{93795F69-8B69-41A9-9C1C-0AB2B59600A8}.Debug|Any CPU.Build.0 = Debug|Any CPU
		{93795F69-8B69-41A9-9C1C-0AB2B59600A8}.Release|Any CPU.ActiveCfg = Release|Any CPU
		{93795F69-8B69-41A9-9C1C-0AB2B59600A8}.Release|Any CPU.Build.0 = Release|Any CPU
	EndGlobalSection
	GlobalSection(SolutionProperties) = preSolution
		HideSolutionNode = FALSE
	EndGlobalSection
	GlobalSection(NestedProjects) = preSolution
		{386A3B01-8920-4266-9577-BEFA64F34668} = {2D8A6D14-B5F1-47B9-888B-DF9BB36A2279}
		{5DDAF7DE-C85B-4636-A823-743594C7CF40} = {386A3B01-8920-4266-9577-BEFA64F34668}
		{09272409-4CE1-4276-BAC6-F20C0BF479AB} = {5A77932A-AE87-46E3-9A75-86BFFF3EA6B3}
		{EA7FB35E-BAB3-4F21-AD9B-314375D01E15} = {2FB66273-8561-47FE-9670-A0BDBC176B0A}
		{A5D6DE91-A84B-485A-95C4-9B12F3353806} = {2D8A6D14-B5F1-47B9-888B-DF9BB36A2279}
		{0CC063A0-3032-4857-A646-CD4902E8EA53} = {A5D6DE91-A84B-485A-95C4-9B12F3353806}
		{E137F23E-99AB-4551-A729-CB0EB56C4384} = {2D8A6D14-B5F1-47B9-888B-DF9BB36A2279}
		{5F6A0C78-24D3-4964-BB71-11C4A0174A05} = {E137F23E-99AB-4551-A729-CB0EB56C4384}
		{273D0DBF-6894-4065-B1C1-ED8CE1A413DF} = {2D8A6D14-B5F1-47B9-888B-DF9BB36A2279}
		{010B39AC-C4C9-45B6-A3DC-DAA237644753} = {273D0DBF-6894-4065-B1C1-ED8CE1A413DF}
		{C068692A-BAA2-46D1-9883-A04D929B5CF5} = {2D8A6D14-B5F1-47B9-888B-DF9BB36A2279}
		{E272D8F4-07B3-4BF6-834E-48C4F80E1C59} = {C068692A-BAA2-46D1-9883-A04D929B5CF5}
		{3789FE6D-04C5-4EAE-8588-306ED39843AD} = {C068692A-BAA2-46D1-9883-A04D929B5CF5}
		{A698C472-8281-406C-8402-C4873280862C} = {C068692A-BAA2-46D1-9883-A04D929B5CF5}
		{586EC367-C527-4A97-9026-873BE339449D} = {C068692A-BAA2-46D1-9883-A04D929B5CF5}
		{AE2617C2-B38D-45DC-9793-C85C4C28FB3C} = {C068692A-BAA2-46D1-9883-A04D929B5CF5}
		{898DD028-C750-4037-AC6C-B83619F4FAB8} = {2D8A6D14-B5F1-47B9-888B-DF9BB36A2279}
		{A09CD5C9-7FC7-4872-880B-2878DEF21EBC} = {898DD028-C750-4037-AC6C-B83619F4FAB8}
		{93795F69-8B69-41A9-9C1C-0AB2B59600A8} = {A2D1E61A-4DFE-4A9B-85E6-5C151131B117}
	EndGlobalSection
	GlobalSection(ExtensibilityGlobals) = postSolution
		SolutionGuid = {0DD69F35-849F-4332-A00B-75531E8F0718}
	EndGlobalSection
EndGlobal
